// !$*UTF8*$!
{
	archiveVersion = 1;
	classes = {
	};
	objectVersion = 77;
	objects = {

/* Begin PBXBuildFile section */
		68A1E3E52F5DE06400D6AA36 /* BusylightSDK_Swift.framework in Frameworks */ = {isa = PBXBuildFile; fileRef = 68A1E3E42F5DE06400D6AA36 /* BusylightSDK_Swift.framework */; };
		68A1E3E62F5DE06400D6AA36 /* BusylightSDK_Swift.framework in Embed Frameworks */ = {isa = PBXBuildFile; fileRef = 68A1E3E42F5DE06400D6AA36 /* BusylightSDK_Swift.framework */; settings = {ATTRIBUTES = (CodeSignOnCopy, RemoveHeadersOnCopy, ); }; };
		68A1E3E82F5DE06400D6AA36 /* BusylightSDK_Swift.framework in Frameworks */ = {isa = PBXBuildFile; fileRef = 68A1E3E42F5DE06400D6AA36 /* BusylightSDK_Swift.framework */; };
/* End PBXBuildFile section */

/* Begin PBXContainerItemProxy section */
		683779BF2F5DDDD400F6BFA6 /* PBXContainerItemProxy */ = {
			isa = PBXContainerItemProxy;
			containerPortal = 683779A72F5DDDD300F6BFA6 /* Project object */;
			proxyType = 1;
			remoteGlobalIDString = 683779AE2F5DDDD300F6BFA6;
			remoteInfo = "Busylight macOS";
		};
		683779C92F5DDDD400F6BFA6 /* PBXContainerItemProxy */ = {
			isa = PBXContainerItemProxy;
			containerPortal = 683779A72F5DDDD300F6BFA6 /* Project object */;
			proxyType = 1;
			remoteGlobalIDString = 683779AE2F5DDDD300F6BFA6;
			remoteInfo = "Busylight macOS";
		};
/* End PBXContainerItemProxy section */

/* Begin PBXCopyFilesBuildPhase section */
		68A1E3E72F5DE06400D6AA36 /* Embed Frameworks */ = {
			isa = PBXCopyFilesBuildPhase;
			buildActionMask = 2147483647;
			dstPath = "";
			dstSubfolderSpec = 10;
			files = (
				68A1E3E62F5DE06400D6AA36 /* BusylightSDK_Swift.framework in Embed Frameworks */,
			);
			name = "Embed Frameworks";
			runOnlyForDeploymentPostprocessing = 0;
		};
/* End PBXCopyFilesBuildPhase section */

/* Begin PBXFileReference section */
		683779AF2F5DDDD300F6BFA6 /* Busylight macOS.app */ = {isa = PBXFileReference; explicitFileType = wrapper.application; includeInIndex = 0; path = "Busylight macOS.app"; sourceTree = BUILT_PRODUCTS_DIR; };
		683779BE2F5DDDD400F6BFA6 /* Busylight macOSTests.xctest */ = {isa = PBXFileReference; explicitFileType = wrapper.cfbundle; includeInIndex = 0; path = "Busylight macOSTests.xctest"; sourceTree = BUILT_PRODUCTS_DIR; };
		683779C82F5DDDD400F6BFA6 /* Busylight macOSUITests.xctest */ = {isa = PBXFileReference; explicitFileType = wrapper.cfbundle; includeInIndex = 0; path = "Busylight macOSUITests.xctest"; sourceTree = BUILT_PRODUCTS_DIR; };
		68A1E3E42F5DE06400D6AA36 /* BusylightSDK_Swift.framework */ = {isa = PBXFileReference; lastKnownFileType = wrapper.framework; path = BusylightSDK_Swift.framework; sourceTree = SOURCE_ROOT; };
/* End PBXFileReference section */

/* Begin PBXFileSystemSynchronizedBuildFileExceptionSet section */
		68377A322F5DDE8A00F6BFA6 /* Exceptions for "Busylight macOS" folder in "Busylight macOSTests" target */ = {
			isa = PBXFileSystemSynchronizedBuildFileExceptionSet;
			membershipExceptions = (
				Assets.xcassets,
				Core/AppDelegate.swift,
				Core/BusylightApp.swift,
				Core/BusylightManager.swift,
				Core/Persistence.swift,
				Core/PomodoroManager.swift,
				CoreML/TrainedModelLoader.swift,
				CoreML/WorkSchedulePredictor.swift,
				Info.plist,
				Models/MLWorkPattern.swift,
				Models/PomodoroSession.swift,
				Resources/Localizable.xcstrings,
				Styles/GlassmorphismStyles.swift,
				Utilities/BusylightLogger.swift,
				Utilities/HolidayData.swift,
				Utilities/MLScheduleManager.swift,
				Utilities/SmartFeaturesManager.swift,
				Utilities/UserInteractionLogger.swift,
				Utilities/ViewController.swift,
				Utilities/WebhookServer.swift,
				Views/ContentView.swift,
				Views/MenuBarView.swift,
				Views/TimerView.swift,
			);
			target = 683779BD2F5DDDD400F6BFA6 /* Busylight macOSTests */;
		};
		68377A332F5DDE8A00F6BFA6 /* Exceptions for "Busylight macOS" folder in "Busylight macOSUITests" target */ = {
			isa = PBXFileSystemSynchronizedBuildFileExceptionSet;
			membershipExceptions = (
				Assets.xcassets,
				Core/AppDelegate.swift,
				Core/BusylightApp.swift,
				Core/BusylightManager.swift,
				Core/Persistence.swift,
				Core/PomodoroManager.swift,
				CoreML/TrainedModelLoader.swift,
				CoreML/WorkSchedulePredictor.swift,
				Info.plist,
				Models/MLWorkPattern.swift,
				Models/PomodoroSession.swift,
				Resources/Localizable.xcstrings,
				Styles/GlassmorphismStyles.swift,
				Utilities/BusylightLogger.swift,
				Utilities/HolidayData.swift,
				Utilities/MLScheduleManager.swift,
				Utilities/SmartFeaturesManager.swift,
				Utilities/UserInteractionLogger.swift,
				Utilities/ViewController.swift,
				Utilities/WebhookServer.swift,
				Views/ContentView.swift,
				Views/MenuBarView.swift,
				Views/TimerView.swift,
			);
			target = 683779C72F5DDDD400F6BFA6 /* Busylight macOSUITests */;
		};
		68A1E4122F5E13A200D6AA36 /* Exceptions for "BusylightTests" folder in "Busylight macOSTests" target */ = {
			isa = PBXFileSystemSynchronizedBuildFileExceptionSet;
			membershipExceptions = (
				MLModelTests.swift,
			);
			target = 683779BD2F5DDDD400F6BFA6 /* Busylight macOSTests */;
		};
/* End PBXFileSystemSynchronizedBuildFileExceptionSet section */

/* Begin PBXFileSystemSynchronizedRootGroup section */
		683779B12F5DDDD300F6BFA6 /* Busylight macOS */ = {
			isa = PBXFileSystemSynchronizedRootGroup;
			exceptions = (
				68377A322F5DDE8A00F6BFA6 /* Exceptions for "Busylight macOS" folder in "Busylight macOSTests" target */,
				68377A332F5DDE8A00F6BFA6 /* Exceptions for "Busylight macOS" folder in "Busylight macOSUITests" target */,
			);
			path = "Busylight macOS";
			sourceTree = "<group>";
		};
		68A1E3EA2F5DE33E00D6AA36 /* BusylightUITests */ = {
			isa = PBXFileSystemSynchronizedRootGroup;
			path = BusylightUITests;
			sourceTree = "<group>";
		};
		68A1E3EB2F5DE34300D6AA36 /* BusylightTests */ = {
			isa = PBXFileSystemSynchronizedRootGroup;
			exceptions = (
				68A1E4122F5E13A200D6AA36 /* Exceptions for "BusylightTests" folder in "Busylight macOSTests" target */,
			);
			path = BusylightTests;
			sourceTree = "<group>";
		};
/* End PBXFileSystemSynchronizedRootGroup section */

/* Begin PBXFrameworksBuildPhase section */
		683779AC2F5DDDD300F6BFA6 /* Frameworks */ = {
			isa = PBXFrameworksBuildPhase;
			buildActionMask = 2147483647;
			files = (
				68A1E3E52F5DE06400D6AA36 /* BusylightSDK_Swift.framework in Frameworks */,
			);
			runOnlyForDeploymentPostprocessing = 0;
		};
		683779BB2F5DDDD400F6BFA6 /* Frameworks */ = {
			isa = PBXFrameworksBuildPhase;
			buildActionMask = 2147483647;
			files = (
				68A1E3E82F5DE06400D6AA36 /* BusylightSDK_Swift.framework in Frameworks */,
			);
			runOnlyForDeploymentPostprocessing = 0;
		};
		683779C52F5DDDD400F6BFA6 /* Frameworks */ = {
			isa = PBXFrameworksBuildPhase;
			buildActionMask = 2147483647;
			files = (
			);
			runOnlyForDeploymentPostprocessing = 0;
		};
/* End PBXFrameworksBuildPhase section */

/* Begin PBXGroup section */
		683779A62F5DDDD300F6BFA6 = {
			isa = PBXGroup;
			children = (
				68A1E3EB2F5DE34300D6AA36 /* BusylightTests */,
				68A1E3EA2F5DE33E00D6AA36 /* BusylightUITests */,
				683779B12F5DDDD300F6BFA6 /* Busylight macOS */,
				68377A342F5DDEB500F6BFA6 /* Frameworks */,
				683779B02F5DDDD300F6BFA6 /* Products */,
			);
			sourceTree = "<group>";
		};
		683779B02F5DDDD300F6BFA6 /* Products */ = {
			isa = PBXGroup;
			children = (
				683779AF2F5DDDD300F6BFA6 /* Busylight macOS.app */,
				683779BE2F5DDDD400F6BFA6 /* Busylight macOSTests.xctest */,
				683779C82F5DDDD400F6BFA6 /* Busylight macOSUITests.xctest */,
			);
			name = Products;
			sourceTree = "<group>";
		};
		68377A342F5DDEB500F6BFA6 /* Frameworks */ = {
			isa = PBXGroup;
			children = (
				68A1E3E42F5DE06400D6AA36 /* BusylightSDK_Swift.framework */,
			);
			name = Frameworks;
			sourceTree = "<group>";
		};
/* End PBXGroup section */

/* Begin PBXNativeTarget section */
		683779AE2F5DDDD300F6BFA6 /* Busylight macOS */ = {
			isa = PBXNativeTarget;
			buildConfigurationList = 683779D22F5DDDD400F6BFA6 /* Build configuration list for PBXNativeTarget "Busylight macOS" */;
			buildPhases = (
				683779AB2F5DDDD300F6BFA6 /* Sources */,
				683779AC2F5DDDD300F6BFA6 /* Frameworks */,
				683779AD2F5DDDD300F6BFA6 /* Resources */,
				68A1E3E72F5DE06400D6AA36 /* Embed Frameworks */,
			);
			buildRules = (
			);
			dependencies = (
			);
			fileSystemSynchronizedGroups = (
				683779B12F5DDDD300F6BFA6 /* Busylight macOS */,
			);
			name = "Busylight macOS";
			packageProductDependencies = (
			);
			productName = "Busylight macOS";
			productReference = 683779AF2F5DDDD300F6BFA6 /* Busylight macOS.app */;
			productType = "com.apple.product-type.application";
		};
		683779BD2F5DDDD400F6BFA6 /* Busylight macOSTests */ = {
			isa = PBXNativeTarget;
			buildConfigurationList = 683779D52F5DDDD400F6BFA6 /* Build configuration list for PBXNativeTarget "Busylight macOSTests" */;
			buildPhases = (
				683779BA2F5DDDD400F6BFA6 /* Sources */,
				683779BB2F5DDDD400F6BFA6 /* Frameworks */,
				683779BC2F5DDDD400F6BFA6 /* Resources */,
			);
			buildRules = (
			);
			dependencies = (
				683779C02F5DDDD400F6BFA6 /* PBXTargetDependency */,
			);
			name = "Busylight macOSTests";
			packageProductDependencies = (
			);
			productName = "Busylight macOSTests";
			productReference = 683779BE2F5DDDD400F6BFA6 /* Busylight macOSTests.xctest */;
			productType = "com.apple.product-type.bundle.unit-test";
		};
		683779C72F5DDDD400F6BFA6 /* Busylight macOSUITests */ = {
			isa = PBXNativeTarget;
			buildConfigurationList = 683779D82F5DDDD400F6BFA6 /* Build configuration list for PBXNativeTarget "Busylight macOSUITests" */;
			buildPhases = (
				683779C42F5DDDD400F6BFA6 /* Sources */,
				683779C52F5DDDD400F6BFA6 /* Frameworks */,
				683779C62F5DDDD400F6BFA6 /* Resources */,
			);
			buildRules = (
			);
			dependencies = (
				683779CA2F5DDDD400F6BFA6 /* PBXTargetDependency */,
			);
			name = "Busylight macOSUITests";
			packageProductDependencies = (
			);
			productName = "Busylight macOSUITests";
			productReference = 683779C82F5DDDD400F6BFA6 /* Busylight macOSUITests.xctest */;
			productType = "com.apple.product-type.bundle.ui-testing";
		};
/* End PBXNativeTarget section */

/* Begin PBXProject section */
		683779A72F5DDDD300F6BFA6 /* Project object */ = {
			isa = PBXProject;
			attributes = {
				BuildIndependentTargetsInParallel = 1;
				LastSwiftUpdateCheck = 2630;
				LastUpgradeCheck = 2630;
				TargetAttributes = {
					683779AE2F5DDDD300F6BFA6 = {
						CreatedOnToolsVersion = 26.3;
					};
					683779BD2F5DDDD400F6BFA6 = {
						CreatedOnToolsVersion = 26.3;
						TestTargetID = 683779AE2F5DDDD300F6BFA6;
					};
					683779C72F5DDDD400F6BFA6 = {
						CreatedOnToolsVersion = 26.3;
						TestTargetID = 683779AE2F5DDDD300F6BFA6;
					};
				};
			};
			buildConfigurationList = 683779AA2F5DDDD300F6BFA6 /* Build configuration list for PBXProject "Busylight macOS" */;
			developmentRegion = en;
			hasScannedForEncodings = 0;
			knownRegions = (
				en,
				Base,
			);
			mainGroup = 683779A62F5DDDD300F6BFA6;
			minimizedProjectReferenceProxies = 1;
			preferredProjectObjectVersion = 77;
			productRefGroup = 683779B02F5DDDD300F6BFA6 /* Products */;
			projectDirPath = "";
			projectRoot = "";
			targets = (
				683779AE2F5DDDD300F6BFA6 /* Busylight macOS */,
				683779BD2F5DDDD400F6BFA6 /* Busylight macOSTests */,
				683779C72F5DDDD400F6BFA6 /* Busylight macOSUITests */,
			);
		};
/* End PBXProject section */

/* Begin PBXResourcesBuildPhase section */
		683779AD2F5DDDD300F6BFA6 /* Resources */ = {
			isa = PBXResourcesBuildPhase;
			buildActionMask = 2147483647;
			files = (
			);
			runOnlyForDeploymentPostprocessing = 0;
		};
		683779BC2F5DDDD400F6BFA6 /* Resources */ = {
			isa = PBXResourcesBuildPhase;
			buildActionMask = 2147483647;
			files = (
			);
			runOnlyForDeploymentPostprocessing = 0;
		};
		683779C62F5DDDD400F6BFA6 /* Resources */ = {
			isa = PBXResourcesBuildPhase;
			buildActionMask = 2147483647;
			files = (
			);
			runOnlyForDeploymentPostprocessing = 0;
		};
/* End PBXResourcesBuildPhase section */

/* Begin PBXSourcesBuildPhase section */
		683779AB2F5DDDD300F6BFA6 /* Sources */ = {
			isa = PBXSourcesBuildPhase;
			buildActionMask = 2147483647;
			files = (
			);
			runOnlyForDeploymentPostprocessing = 0;
		};
		683779BA2F5DDDD400F6BFA6 /* Sources */ = {
			isa = PBXSourcesBuildPhase;
			buildActionMask = 2147483647;
			files = (
			);
			runOnlyForDeploymentPostprocessing = 0;
		};
		683779C42F5DDDD400F6BFA6 /* Sources */ = {
			isa = PBXSourcesBuildPhase;
			buildActionMask = 2147483647;
			files = (
			);
			runOnlyForDeploymentPostprocessing = 0;
		};
/* End PBXSourcesBuildPhase section */

/* Begin PBXTargetDependency section */
		683779C02F5DDDD400F6BFA6 /* PBXTargetDependency */ = {
			isa = PBXTargetDependency;
			target = 683779AE2F5DDDD300F6BFA6 /* Busylight macOS */;
			targetProxy = 683779BF2F5DDDD400F6BFA6 /* PBXContainerItemProxy */;
		};
		683779CA2F5DDDD400F6BFA6 /* PBXTargetDependency */ = {
			isa = PBXTargetDependency;
			target = 683779AE2F5DDDD300F6BFA6 /* Busylight macOS */;
			targetProxy = 683779C92F5DDDD400F6BFA6 /* PBXContainerItemProxy */;
		};
/* End PBXTargetDependency section */

/* Begin XCBuildConfiguration section */
		683779D02F5DDDD400F6BFA6 /* Debug */ = {
			isa = XCBuildConfiguration;
			buildSettings = {
				ALWAYS_SEARCH_USER_PATHS = NO;
				ASSETCATALOG_COMPILER_GENERATE_SWIFT_ASSET_SYMBOL_EXTENSIONS = YES;
				CLANG_ANALYZER_NONNULL = YES;
				CLANG_ANALYZER_NUMBER_OBJECT_CONVERSION = YES_AGGRESSIVE;
				CLANG_CXX_LANGUAGE_STANDARD = "gnu++20";
				CLANG_ENABLE_MODULES = YES;
				CLANG_ENABLE_OBJC_ARC = YES;
				CLANG_ENABLE_OBJC_WEAK = YES;
				CLANG_WARN_BLOCK_CAPTURE_AUTORELEASING = YES;
				CLANG_WARN_BOOL_CONVERSION = YES;
				CLANG_WARN_COMMA = YES;
				CLANG_WARN_CONSTANT_CONVERSION = YES;
				CLANG_WARN_DEPRECATED_OBJC_IMPLEMENTATIONS = YES;
				CLANG_WARN_DIRECT_OBJC_ISA_USAGE = YES_ERROR;
				CLANG_WARN_DOCUMENTATION_COMMENTS = YES;
				CLANG_WARN_EMPTY_BODY = YES;
				CLANG_WARN_ENUM_CONVERSION = YES;
				CLANG_WARN_INFINITE_RECURSION = YES;
				CLANG_WARN_INT_CONVERSION = YES;
				CLANG_WARN_NON_LITERAL_NULL_CONVERSION = YES;
				CLANG_WARN_OBJC_IMPLICIT_RETAIN_SELF = YES;
				CLANG_WARN_OBJC_LITERAL_CONVERSION = YES;
				CLANG_WARN_OBJC_ROOT_CLASS = YES_ERROR;
				CLANG_WARN_QUOTED_INCLUDE_IN_FRAMEWORK_HEADER = YES;
				CLANG_WARN_RANGE_LOOP_ANALYSIS = YES;
				CLANG_WARN_STRICT_PROTOTYPES = YES;
				CLANG_WARN_SUSPICIOUS_MOVE = YES;
				CLANG_WARN_UNGUARDED_AVAILABILITY = YES_AGGRESSIVE;
				CLANG_WARN_UNREACHABLE_CODE = YES;
				CLANG_WARN__DUPLICATE_METHOD_MATCH = YES;
				COPY_PHASE_STRIP = NO;
				DEBUG_INFORMATION_FORMAT = dwarf;
				DEVELOPMENT_TEAM = 55S9K2V3AG;
				ENABLE_STRICT_OBJC_MSGSEND = YES;
				ENABLE_TESTABILITY = YES;
				ENABLE_USER_SCRIPT_SANDBOXING = YES;
				GCC_C_LANGUAGE_STANDARD = gnu17;
				GCC_DYNAMIC_NO_PIC = NO;
				GCC_NO_COMMON_BLOCKS = YES;
				GCC_OPTIMIZATION_LEVEL = 0;
				GCC_PREPROCESSOR_DEFINITIONS = (
					"DEBUG=1",
					"$(inherited)",
				);
				GCC_WARN_64_TO_32_BIT_CONVERSION = YES;
				GCC_WARN_ABOUT_RETURN_TYPE = YES_ERROR;
				GCC_WARN_UNDECLARED_SELECTOR = YES;
				GCC_WARN_UNINITIALIZED_AUTOS = YES_AGGRESSIVE;
				GCC_WARN_UNUSED_FUNCTION = YES;
				GCC_WARN_UNUSED_VARIABLE = YES;
				LOCALIZATION_PREFERS_STRING_CATALOGS = YES;
				MACOSX_DEPLOYMENT_TARGET = 26.2;
				MTL_ENABLE_DEBUG_INFO = INCLUDE_SOURCE;
				MTL_FAST_MATH = YES;
				ONLY_ACTIVE_ARCH = YES;
				SDKROOT = macosx;
				SWIFT_ACTIVE_COMPILATION_CONDITIONS = "DEBUG $(inherited)";
				SWIFT_OPTIMIZATION_LEVEL = "-Onone";
			};
			name = Debug;
		};
		683779D12F5DDDD400F6BFA6 /* Release */ = {
			isa = XCBuildConfiguration;
			buildSettings = {
				ALWAYS_SEARCH_USER_PATHS = NO;
				ASSETCATALOG_COMPILER_GENERATE_SWIFT_ASSET_SYMBOL_EXTENSIONS = YES;
				CLANG_ANALYZER_NONNULL = YES;
				CLANG_ANALYZER_NUMBER_OBJECT_CONVERSION = YES_AGGRESSIVE;
				CLANG_CXX_LANGUAGE_STANDARD = "gnu++20";
				CLANG_ENABLE_MODULES = YES;
				CLANG_ENABLE_OBJC_ARC = YES;
				CLANG_ENABLE_OBJC_WEAK = YES;
				CLANG_WARN_BLOCK_CAPTURE_AUTORELEASING = YES;
				CLANG_WARN_BOOL_CONVERSION = YES;
				CLANG_WARN_COMMA = YES;
				CLANG_WARN_CONSTANT_CONVERSION = YES;
				CLANG_WARN_DEPRECATED_OBJC_IMPLEMENTATIONS = YES;
				CLANG_WARN_DIRECT_OBJC_ISA_USAGE = YES_ERROR;
				CLANG_WARN_DOCUMENTATION_COMMENTS = YES;
				CLANG_WARN_EMPTY_BODY = YES;
				CLANG_WARN_ENUM_CONVERSION = YES;
				CLANG_WARN_INFINITE_RECURSION = YES;
				CLANG_WARN_INT_CONVERSION = YES;
				CLANG_WARN_NON_LITERAL_NULL_CONVERSION = YES;
				CLANG_WARN_OBJC_IMPLICIT_RETAIN_SELF = YES;
				CLANG_WARN_OBJC_LITERAL_CONVERSION = YES;
				CLANG_WARN_OBJC_ROOT_CLASS = YES_ERROR;
				CLANG_WARN_QUOTED_INCLUDE_IN_FRAMEWORK_HEADER = YES;
				CLANG_WARN_RANGE_LOOP_ANALYSIS = YES;
				CLANG_WARN_STRICT_PROTOTYPES = YES;
				CLANG_WARN_SUSPICIOUS_MOVE = YES;
				CLANG_WARN_UNGUARDED_AVAILABILITY = YES_AGGRESSIVE;
				CLANG_WARN_UNREACHABLE_CODE = YES;
				CLANG_WARN__DUPLICATE_METHOD_MATCH = YES;
				COPY_PHASE_STRIP = NO;
				DEBUG_INFORMATION_FORMAT = "dwarf-with-dsym";
				DEVELOPMENT_TEAM = 55S9K2V3AG;
				ENABLE_NS_ASSERTIONS = NO;
				ENABLE_STRICT_OBJC_MSGSEND = YES;
				ENABLE_USER_SCRIPT_SANDBOXING = YES;
				GCC_C_LANGUAGE_STANDARD = gnu17;
				GCC_NO_COMMON_BLOCKS = YES;
				GCC_WARN_64_TO_32_BIT_CONVERSION = YES;
				GCC_WARN_ABOUT_RETURN_TYPE = YES_ERROR;
				GCC_WARN_UNDECLARED_SELECTOR = YES;
				GCC_WARN_UNINITIALIZED_AUTOS = YES_AGGRESSIVE;
				GCC_WARN_UNUSED_FUNCTION = YES;
				GCC_WARN_UNUSED_VARIABLE = YES;
				LOCALIZATION_PREFERS_STRING_CATALOGS = YES;
				MACOSX_DEPLOYMENT_TARGET = 26.2;
				MTL_ENABLE_DEBUG_INFO = NO;
				MTL_FAST_MATH = YES;
				SDKROOT = macosx;
				SWIFT_COMPILATION_MODE = wholemodule;
			};
			name = Release;
		};
		683779D32F5DDDD400F6BFA6 /* Debug */ = {
			isa = XCBuildConfiguration;
			buildSettings = {
				ASSETCATALOG_COMPILER_APPICON_NAME = AppIcon;
				ASSETCATALOG_COMPILER_GLOBAL_ACCENT_COLOR_NAME = AccentColor;
				ASSETCATALOG_COMPILER_INCLUDE_ALL_APPICON_ASSETS = YES;
				AUTOMATION_APPLE_EVENTS = YES;
				CODE_SIGN_STYLE = Automatic;
				COMBINE_HIDPI_IMAGES = YES;
				CURRENT_PROJECT_VERSION = 1;
				DEVELOPMENT_TEAM = 55S9K2V3AG;
				ENABLE_APP_SANDBOX = YES;
				ENABLE_HARDENED_RUNTIME = YES;
				ENABLE_INCOMING_NETWORK_CONNECTIONS = YES;
				ENABLE_OUTGOING_NETWORK_CONNECTIONS = YES;
				ENABLE_PREVIEWS = YES;
				ENABLE_RESOURCE_ACCESS_AUDIO_INPUT = NO;
				ENABLE_RESOURCE_ACCESS_BLUETOOTH = NO;
				ENABLE_RESOURCE_ACCESS_CALENDARS = YES;
				ENABLE_RESOURCE_ACCESS_CAMERA = NO;
				ENABLE_RESOURCE_ACCESS_CONTACTS = NO;
				ENABLE_RESOURCE_ACCESS_LOCATION = NO;
				ENABLE_RESOURCE_ACCESS_PHOTO_LIBRARY = NO;
				ENABLE_RESOURCE_ACCESS_PRINTING = NO;
				ENABLE_RESOURCE_ACCESS_USB = YES;
				ENABLE_USER_SELECTED_FILES = readwrite;
				FRAMEWORK_SEARCH_PATHS = (
					"$(inherited)",
					"$(PROJECT_DIR)",
				);
				GENERATE_INFOPLIST_FILE = YES;
				INFOPLIST_KEY_LSApplicationCategoryType = "public.app-category.productivity";
				INFOPLIST_KEY_NSCalendarsFullAccessUsageDescription = "Sync with app";
				INFOPLIST_KEY_NSHumanReadableCopyright = "";
				LD_RUNPATH_SEARCH_PATHS = (
					"$(inherited)",
					"@executable_path/../Frameworks",
				);
				MARKETING_VERSION = 1.0;
				PRODUCT_BUNDLE_IDENTIFIER = "co.skyones.busylight.Busylight-macOS";
				PRODUCT_NAME = "$(TARGET_NAME)";
				REGISTER_APP_GROUPS = YES;
				RUNTIME_EXCEPTION_ALLOW_DYLD_ENVIRONMENT_VARIABLES = NO;
				RUNTIME_EXCEPTION_ALLOW_JIT = NO;
				RUNTIME_EXCEPTION_ALLOW_UNSIGNED_EXECUTABLE_MEMORY = NO;
				RUNTIME_EXCEPTION_DEBUGGING_TOOL = NO;
				RUNTIME_EXCEPTION_DISABLE_EXECUTABLE_PAGE_PROTECTION = NO;
				RUNTIME_EXCEPTION_DISABLE_LIBRARY_VALIDATION = NO;
				STRING_CATALOG_GENERATE_SYMBOLS = YES;
				SWIFT_APPROACHABLE_CONCURRENCY = YES;
				SWIFT_DEFAULT_ACTOR_ISOLATION = MainActor;
				SWIFT_EMIT_LOC_STRINGS = YES;
				SWIFT_UPCOMING_FEATURE_MEMBER_IMPORT_VISIBILITY = YES;
				SWIFT_VERSION = 5.0;
			};
			name = Debug;
		};
		683779D42F5DDDD400F6BFA6 /* Release */ = {
			isa = XCBuildConfiguration;
			buildSettings = {
				ASSETCATALOG_COMPILER_APPICON_NAME = AppIcon;
				ASSETCATALOG_COMPILER_GLOBAL_ACCENT_COLOR_NAME = AccentColor;
				ASSETCATALOG_COMPILER_INCLUDE_ALL_APPICON_ASSETS = YES;
				AUTOMATION_APPLE_EVENTS = YES;
				CODE_SIGN_STYLE = Automatic;
				COMBINE_HIDPI_IMAGES = YES;
				CURRENT_PROJECT_VERSION = 1;
				DEVELOPMENT_TEAM = 55S9K2V3AG;
				ENABLE_APP_SANDBOX = YES;
				ENABLE_HARDENED_RUNTIME = YES;
				ENABLE_INCOMING_NETWORK_CONNECTIONS = YES;
				ENABLE_OUTGOING_NETWORK_CONNECTIONS = YES;
				ENABLE_PREVIEWS = YES;
				ENABLE_RESOURCE_ACCESS_AUDIO_INPUT = NO;
				ENABLE_RESOURCE_ACCESS_BLUETOOTH = NO;
				ENABLE_RESOURCE_ACCESS_CALENDARS = YES;
				ENABLE_RESOURCE_ACCESS_CAMERA = NO;
				ENABLE_RESOURCE_ACCESS_CONTACTS = NO;
				ENABLE_RESOURCE_ACCESS_LOCATION = NO;
				ENABLE_RESOURCE_ACCESS_PHOTO_LIBRARY = NO;
				ENABLE_RESOURCE_ACCESS_PRINTING = NO;
				ENABLE_RESOURCE_ACCESS_USB = YES;
				ENABLE_USER_SELECTED_FILES = readwrite;
				FRAMEWORK_SEARCH_PATHS = (
					"$(inherited)",
					"$(PROJECT_DIR)",
				);
				GENERATE_INFOPLIST_FILE = YES;
				INFOPLIST_KEY_LSApplicationCategoryType = "public.app-category.productivity";
				INFOPLIST_KEY_NSCalendarsFullAccessUsageDescription = "Sync with app";
				INFOPLIST_KEY_NSHumanReadableCopyright = "";
				LD_RUNPATH_SEARCH_PATHS = (
					"$(inherited)",
					"@executable_path/../Frameworks",
				);
				MARKETING_VERSION = 1.0;
				PRODUCT_BUNDLE_IDENTIFIER = "co.skyones.busylight.Busylight-macOS";
				PRODUCT_NAME = "$(TARGET_NAME)";
				REGISTER_APP_GROUPS = YES;
				RUNTIME_EXCEPTION_ALLOW_DYLD_ENVIRONMENT_VARIABLES = NO;
				RUNTIME_EXCEPTION_ALLOW_JIT = NO;
				RUNTIME_EXCEPTION_ALLOW_UNSIGNED_EXECUTABLE_MEMORY = NO;
				RUNTIME_EXCEPTION_DEBUGGING_TOOL = NO;
				RUNTIME_EXCEPTION_DISABLE_EXECUTABLE_PAGE_PROTECTION = NO;
				RUNTIME_EXCEPTION_DISABLE_LIBRARY_VALIDATION = NO;
				STRING_CATALOG_GENERATE_SYMBOLS = YES;
				SWIFT_APPROACHABLE_CONCURRENCY = YES;
				SWIFT_DEFAULT_ACTOR_ISOLATION = MainActor;
				SWIFT_EMIT_LOC_STRINGS = YES;
				SWIFT_UPCOMING_FEATURE_MEMBER_IMPORT_VISIBILITY = YES;
				SWIFT_VERSION = 5.0;
			};
			name = Release;
		};
		683779D62F5DDDD400F6BFA6 /* Debug */ = {
			isa = XCBuildConfiguration;
			buildSettings = {
				BUNDLE_LOADER = "$(TEST_HOST)";
				CODE_SIGN_STYLE = Automatic;
				CURRENT_PRODUCT_VERSION = 1;
				DEVELOPMENT_TEAM = 55S9K2V3AG;
				FRAMEWORK_SEARCH_PATHS = (
					"$(inherited)",
					"$(PROJECT_DIR)",
				);
				GENERATE_INFOPLIST_FILE = YES;
				MACOSX_DEPLOYMENT_TARGET = 26.2;
				MARKETING_VERSION = 1.0;
				PRODUCT_BUNDLE_IDENTIFIER = "co.skyones.busylight.Busylight-macOSTests";
				PRODUCT_NAME = "$(TARGET_NAME)";
				STRING_CATALOG_GENERATE_SYMBOLS = NO;
				SWIFT_APPROACHABLE_CONCURRENCY = YES;
				SWIFT_EMIT_LOC_STRINGS = NO;
				SWIFT_UPCOMING_FEATURE_MEMBER_IMPORT_VISIBILITY = YES;
				SWIFT_VERSION = 5.0;
				TEST_HOST = "$(BUILT_PRODUCTS_DIR)/Busylight macOS.app/$(BUNDLE_EXECUTABLE_FOLDER_PATH)/Busylight macOS";
			};
			name = Debug;
		};
		683779D72F5DDDD400F6BFA6 /* Release */ = {
			isa = XCBuildConfiguration;
			buildSettings = {
				BUNDLE_LOADER = "$(TEST_HOST)";
				CODE_SIGN_STYLE = Automatic;
				CURRENT_PROJECT_VERSION = 1;
				DEVELOPMENT_TEAM = 55S9K2V3AG;
				FRAMEWORK_SEARCH_PATHS = (
					"$(inherited)",
					"$(PROJECT_DIR)",
				);
				GENERATE_INFOPLIST_FILE = YES;
				MACOSX_DEPLOYMENT_TARGET = 26.2;
				MARKETING_VERSION = 1.0;
				PRODUCT_BUNDLE_IDENTIFIER = "co.skyones.busylight.Busylight-macOSTests";
				PRODUCT_NAME = "$(TARGET_NAME)";
				STRING_CATALOG_GENERATE_SYMBOLS = NO;
				SWIFT_APPROACHABLE_CONCURRENCY = YES;
				SWIFT_EMIT_LOC_STRINGS = NO;
				SWIFT_UPCOMING_FEATURE_MEMBER_IMPORT_VISIBILITY = YES;
				SWIFT_VERSION = 5.0;
				TEST_HOST = "$(BUILT_PRODUCTS_DIR)/Busylight macOS.app/$(BUNDLE_EXECUTABLE_FOLDER_PATH)/Busylight macOS";
			};
			name = Release;
		};
		683779D92F5DDDD400F6BFA6 /* Debug */ = {
			isa = XCBuildConfiguration;
			buildSettings = {
				CODE_SIGN_STYLE = Automatic;
				CURRENT_PROJECT_VERSION = 1;
				DEVELOPMENT_TEAM = 55S9K2V3AG;
				GENERATE_INFOPLIST_FILE = YES;
				MARKETING_VERSION = 1.0;
				PRODUCT_BUNDLE_IDENTIFIER = "co.skyones.busylight.Busylight-macOSUITests";
				PRODUCT_NAME = "$(TARGET_NAME)";
				STRING_CATALOG_GENERATE_SYMBOLS = NO;
				SWIFT_APPROACHABLE_CONCURRENCY = YES;
				SWIFT_EMIT_LOC_STRINGS = NO;
				SWIFT_UPCOMING_FEATURE_MEMBER_IMPORT_VISIBILITY = YES;
				SWIFT_VERSION = 5.0;
				TEST_TARGET_NAME = "Busylight macOS";
			};
			name = Debug;
		};
		683779DA2F5DDDD400F6BFA6 /* Release */ = {
			isa = XCBuildConfiguration;
			buildSettings = {
				CODE_SIGN_STYLE = Automatic;
				CURRENT_PROJECT_VERSION = 1;
				DEVELOPMENT_TEAM = 55S9K2V3AG;
				GENERATE_INFOPLIST_FILE = YES;
				MARKETING_VERSION = 1.0;
				PRODUCT_BUNDLE_IDENTIFIER = "co.skyones.busylight.Busylight-macOSUITests";
				PRODUCT_NAME = "$(TARGET_NAME)";
				STRING_CATALOG_GENERATE_SYMBOLS = NO;
				SWIFT_APPROACHABLE_CONCURRENCY = YES;
				SWIFT_EMIT_LOC_STRINGS = NO;
				SWIFT_UPCOMING_FEATURE_MEMBER_IMPORT_VISIBILITY = YES;
				SWIFT_VERSION = 5.0;
				TEST_TARGET_NAME = "Busylight macOS";
			};
			name = Release;
		};
/* End XCBuildConfiguration section */

/* Begin XCConfigurationList section */
		683779AA2F5DDDD300F6BFA6 /* Build configuration list for PBXProject "Busylight macOS" */ = {
			isa = XCConfigurationList;
			buildConfigurations = (
				683779D02F5DDDD400F6BFA6 /* Debug */,
				683779D12F5DDDD400F6BFA6 /* Release */,
			);
			defaultConfigurationIsVisible = 0;
			defaultConfigurationName = Release;
		};
		683779D22F5DDDD400F6BFA6 /* Build configuration list for PBXNativeTarget "Busylight macOS" */ = {
			isa = XCConfigurationList;
			buildConfigurations = (
				683779D32F5DDDD400F6BFA6 /* Debug */,
				683779D42F5DDDD400F6BFA6 /* Release */,
			);
			defaultConfigurationIsVisible = 0;
			defaultConfigurationName = Release;
		};
		683779D52F5DDDD400F6BFA6 /* Build configuration list for PBXNativeTarget "Busylight macOSTests" */ = {
			isa = XCConfigurationList;
			buildConfigurations = (
				683779D62F5DDDD400F6BFA6 /* Debug */,
				683779D72F5DDDD400F6BFA6 /* Release */,
			);
			defaultConfigurationIsVisible = 0;
			defaultConfigurationName = Release;
		};
		683779D82F5DDDD400F6BFA6 /* Build configuration list for PBXNativeTarget "Busylight macOSUITests" */ = {
			isa = XCConfigurationList;
			buildConfigurations = (
				683779D92F5DDDD400F6BFA6 /* Debug */,
				683779DA2F5DDDD400F6BFA6 /* Release */,
			);
			defaultConfigurationIsVisible = 0;
			defaultConfigurationName = Release;
		};
/* End XCConfigurationList section */
	};
	rootObject = 683779A72F5DDDD300F6BFA6 /* Project object */;
}
